
Microsoft Visual Studio Solution File, Format Version 12.00
# Visual Studio Version 17
VisualStudioVersion = 17.14.36623.8 d17.14
MinimumVisualStudioVersion = 10.0.40219.1
Project("{FAE04EC0-301F-11D3-BF4B-00C04F79EFBC}") = "arrays", "arrays\arrays.csproj", "{AE17BCFD-CA3E-4DD8-9DB3-718D86E368A9}"
EndProject
Global
	GlobalSection(SolutionConfigurationPlatforms) = preSolution
		Debug|Any CPU = Debug|Any CPU
		Release|Any CPU = Release|Any CPU
	EndGlobalSection
	GlobalSection(ProjectConfigurationPlatforms) = postSolution
		{AE17BCFD-CA3E-4DD8-9DB3-718D86E368A9}.Debug|Any CPU.ActiveCfg = Debug|Any CPU
		{AE17BCFD-CA3E-4DD8-9DB3-718D86E368A9}.Debug|Any CPU.Build.0 = Debug|Any CPU
		{AE17BCFD-CA3E-4DD8-9DB3-718D86E368A9}.Release|Any CPU.ActiveCfg = Release|Any CPU
		{AE17BCFD-CA3E-4DD8-9DB3-718D86E368A9}.Release|Any CPU.Build.0 = Release|Any CPU
	EndGlobalSection
	GlobalSection(SolutionProperties) = preSolution
		HideSolutionNode = FALSE
	EndGlobalSection
	GlobalSection(ExtensibilityGlobals) = postSolution
		SolutionGuid = {AF03DC1B-B7A8-4005-A15B-BC7CDA136166}
	EndGlobalSection
EndGlobal
